github.com/SunshineZzzz/purego-sdl3 v0.0.0-20251209023108-34ed5b6b1c23 h1:FgKdKwxC7WgHMsJoT3q+CR4bFXCHCWt4znEEUGoeoq0=
github.com/SunshineZzzz/purego-sdl3 v0.0.0-20251209023108-34ed5b6b1c23/go.mod h1:5CYB/SoD6s2+VIsWqwUbJmmj6V8Zk9uWyonfPoGHWYk=
github.com/ebitengine/purego v0.9.1 h1:a/k2f2HQU3Pi399RPW1MOaZyhKJL9w/xFpKAg4q1s0A=
github.com/ebitengine/purego v0.9.1/go.mod h1:iIjxzd6CiRiOG0UyXP+V1+jWqUXVjPKLAI0mRfJZTmQ=
